
Microsoft Visual Studio Solution File, Format Version 12.00
Project("{FAE04EC0-301F-11D3-BF4B-00C04F79EFBC}") = "zajecia2", "zajecia2\zajecia2.csproj", "{347E5C04-D79E-47CA-9B68-79A90FAD4D6F}"
EndProject
Global
	GlobalSection(SolutionConfigurationPlatforms) = preSolution
		Debug|Any CPU = Debug|Any CPU
		Release|Any CPU = Release|Any CPU
	EndGlobalSection
	GlobalSection(ProjectConfigurationPlatforms) = postSolution
		{347E5C04-D79E-47CA-9B68-79A90FAD4D6F}.Debug|Any CPU.ActiveCfg = Debug|Any CPU
		{347E5C04-D79E-47CA-9B68-79A90FAD4D6F}.Debug|Any CPU.Build.0 = Debug|Any CPU
		{347E5C04-D79E-47CA-9B68-79A90FAD4D6F}.Release|Any CPU.ActiveCfg = Release|Any CPU
		{347E5C04-D79E-47CA-9B68-79A90FAD4D6F}.Release|Any CPU.Build.0 = Release|Any CPU
	EndGlobalSection
EndGlobal
